
Microsoft Visual Studio Solution File, Format Version 12.00
# Visual Studio Version 17
VisualStudioVersion = 17.5.33424.131
MinimumVisualStudioVersion = 10.0.40219.1
Project("{FAE04EC0-301F-11D3-BF4B-00C04F79EFBC}") = "lab4_2", "lab4_2\lab4_2.csproj", "{12D012F8-87A0-409F-9F01-AA861F59DA1D}"
EndProject
Global
	GlobalSection(SolutionConfigurationPlatforms) = preSolution
		Debug|Any CPU = Debug|Any CPU
		Release|Any CPU = Release|Any CPU
	EndGlobalSection
	GlobalSection(ProjectConfigurationPlatforms) = postSolution
		{12D012F8-87A0-409F-9F01-AA861F59DA1D}.Debug|Any CPU.ActiveCfg = Debug|Any CPU
		{12D012F8-87A0-409F-9F01-AA861F59DA1D}.Debug|Any CPU.Build.0 = Debug|Any CPU
		{12D012F8-87A0-409F-9F01-AA861F59DA1D}.Release|Any CPU.ActiveCfg = Release|Any CPU
		{12D012F8-87A0-409F-9F01-AA861F59DA1D}.Release|Any CPU.Build.0 = Release|Any CPU
	EndGlobalSection
	GlobalSection(SolutionProperties) = preSolution
		HideSolutionNode = FALSE
	EndGlobalSection
	GlobalSection(ExtensibilityGlobals) = postSolution
		SolutionGuid = {3853A932-CF47-49E4-95D5-129B538F22FA}
	EndGlobalSection
EndGlobal
